
Microsoft Visual Studio Solution File, Format Version 12.00
# Visual Studio 2012
Project("{FAE04EC0-301F-11D3-BF4B-00C04F79EFBC}") = "WorldGen", "WorldGen\WorldGen.csproj", "{1380F549-F0AB-40B9-9DDC-3605CD00E3E1}"
EndProject
Project("{FAE04EC0-301F-11D3-BF4B-00C04F79EFBC}") = "Masslabelling", "Masslabelling\Masslabelling.csproj", "{6ADE0CBB-C54F-4796-A8F4-60930C0ACAB1}"
EndProject
Project("{FAE04EC0-301F-11D3-BF4B-00C04F79EFBC}") = "GUISparks", "GUISparks\GUISparks.csproj", "{57E823D5-4012-4BCB-9178-33A234FA04C3}"
EndProject
Project("{FAE04EC0-301F-11D3-BF4B-00C04F79EFBC}") = "DCMaplib", "DCMaplib\DCMaplib.csproj", "{2C70CD93-671A-437B-B074-7BAE486C68BE}"
EndProject
Project("{FAE04EC0-301F-11D3-BF4B-00C04F79EFBC}") = "ClipperPro", "ClipperPro\ClipperPro.csproj", "{E96A3DFA-B4E9-409C-AB5C-71C1A3AA0418}"
EndProject
Global
	GlobalSection(SolutionConfigurationPlatforms) = preSolution
		Debug|Any CPU = Debug|Any CPU
		Debug|x86 = Debug|x86
		Release|Any CPU = Release|Any CPU
		Release|x86 = Release|x86
	EndGlobalSection
	GlobalSection(ProjectConfigurationPlatforms) = postSolution
		{1380F549-F0AB-40B9-9DDC-3605CD00E3E1}.Debug|Any CPU.ActiveCfg = Debug|Any CPU
		{1380F549-F0AB-40B9-9DDC-3605CD00E3E1}.Debug|Any CPU.Build.0 = Debug|Any CPU
		{1380F549-F0AB-40B9-9DDC-3605CD00E3E1}.Debug|x86.ActiveCfg = Debug|Any CPU
		{1380F549-F0AB-40B9-9DDC-3605CD00E3E1}.Debug|x86.Build.0 = Debug|Any CPU
		{1380F549-F0AB-40B9-9DDC-3605CD00E3E1}.Release|Any CPU.ActiveCfg = Release|Any CPU
		{1380F549-F0AB-40B9-9DDC-3605CD00E3E1}.Release|Any CPU.Build.0 = Release|Any CPU
		{1380F549-F0AB-40B9-9DDC-3605CD00E3E1}.Release|x86.ActiveCfg = Release|x86
		{1380F549-F0AB-40B9-9DDC-3605CD00E3E1}.Release|x86.Build.0 = Release|x86
		{6ADE0CBB-C54F-4796-A8F4-60930C0ACAB1}.Debug|Any CPU.ActiveCfg = Debug|Any CPU
		{6ADE0CBB-C54F-4796-A8F4-60930C0ACAB1}.Debug|Any CPU.Build.0 = Debug|Any CPU
		{6ADE0CBB-C54F-4796-A8F4-60930C0ACAB1}.Debug|x86.ActiveCfg = Debug|Any CPU
		{6ADE0CBB-C54F-4796-A8F4-60930C0ACAB1}.Release|Any CPU.ActiveCfg = Release|Any CPU
		{6ADE0CBB-C54F-4796-A8F4-60930C0ACAB1}.Release|Any CPU.Build.0 = Release|Any CPU
		{6ADE0CBB-C54F-4796-A8F4-60930C0ACAB1}.Release|x86.ActiveCfg = Release|Any CPU
		{57E823D5-4012-4BCB-9178-33A234FA04C3}.Debug|Any CPU.ActiveCfg = Debug|Any CPU
		{57E823D5-4012-4BCB-9178-33A234FA04C3}.Debug|Any CPU.Build.0 = Debug|Any CPU
		{57E823D5-4012-4BCB-9178-33A234FA04C3}.Debug|x86.ActiveCfg = Debug|Any CPU
		{57E823D5-4012-4BCB-9178-33A234FA04C3}.Release|Any CPU.ActiveCfg = Release|Any CPU
		{57E823D5-4012-4BCB-9178-33A234FA04C3}.Release|Any CPU.Build.0 = Release|Any CPU
		{57E823D5-4012-4BCB-9178-33A234FA04C3}.Release|x86.ActiveCfg = Release|Any CPU
		{2C70CD93-671A-437B-B074-7BAE486C68BE}.Debug|Any CPU.ActiveCfg = Debug|Any CPU
		{2C70CD93-671A-437B-B074-7BAE486C68BE}.Debug|Any CPU.Build.0 = Debug|Any CPU
		{2C70CD93-671A-437B-B074-7BAE486C68BE}.Debug|x86.ActiveCfg = Debug|Any CPU
		{2C70CD93-671A-437B-B074-7BAE486C68BE}.Release|Any CPU.ActiveCfg = Release|Any CPU
		{2C70CD93-671A-437B-B074-7BAE486C68BE}.Release|Any CPU.Build.0 = Release|Any CPU
		{2C70CD93-671A-437B-B074-7BAE486C68BE}.Release|x86.ActiveCfg = Release|Any CPU
		{E96A3DFA-B4E9-409C-AB5C-71C1A3AA0418}.Debug|Any CPU.ActiveCfg = Debug|Any CPU
		{E96A3DFA-B4E9-409C-AB5C-71C1A3AA0418}.Debug|Any CPU.Build.0 = Debug|Any CPU
		{E96A3DFA-B4E9-409C-AB5C-71C1A3AA0418}.Debug|x86.ActiveCfg = Debug|Any CPU
		{E96A3DFA-B4E9-409C-AB5C-71C1A3AA0418}.Release|Any CPU.ActiveCfg = Release|Any CPU
		{E96A3DFA-B4E9-409C-AB5C-71C1A3AA0418}.Release|Any CPU.Build.0 = Release|Any CPU
		{E96A3DFA-B4E9-409C-AB5C-71C1A3AA0418}.Release|x86.ActiveCfg = Release|Any CPU
	EndGlobalSection
	GlobalSection(SolutionProperties) = preSolution
		HideSolutionNode = FALSE
	EndGlobalSection
EndGlobal
